<?xml version="1.0" encoding="utf-8"?>
<Project ToolsVersion="4.0" xmlns="http://schemas.microsoft.com/developer/msbuild/2003">
  <ItemGroup>
    <Filter Include="Source Files">
      <UniqueIdentifier>{4FC737F1-C7A5-4376-A066-2A32D752A2FF}</UniqueIdentifier>
      <Extensions>cpp;c;cc;cxx;c++;cppm;ixx;def;odl;idl;hpj;bat;asm;asmx</Extensions>
    </Filter>
    <Filter Include="Header Files">
      <UniqueIdentifier>{93995380-89BD-4b04-88EB-625FBE52EBFB}</UniqueIdentifier>
      <Extensions>h;hh;hpp;hxx;h++;hm;inl;inc;ipp;xsd</Extensions>
    </Filter>
    <Filter Include="Resource Files">
      <UniqueIdentifier>{67DA6AB6-F800-4c08-8B7A-83BB121AAD01}</UniqueIdentifier>
      <Extensions>rc;ico;cur;bmp;dlg;rc2;rct;bin;rgs;gif;jpg;jpeg;jpe;resx;tiff;tif;png;wav;mfcribbon-ms</Extensions>
    </Filter>
    <Filter Include="Source Files\utility">
      <UniqueIdentifier>{91efc9f2-4f21-4fcb-84bb-ea0fa9bd49cb}</UniqueIdentifier>
    </Filter>
    <Filter Include="Source Files\testing">
      <UniqueIdentifier>{3583f932-1bb1-456e-8bc7-cf1d578e5bb9}</UniqueIdentifier>
    </Filter>
    <Filter Include="Source Files\format">
      <UniqueIdentifier>{5909c838-ca4b-4bae-acf0-b6dc1994a30a}</UniqueIdentifier>
    </Filter>
    <Filter Include="Source Files\image">
      <UniqueIdentifier>{fb9c8f8a-2482-4bf7-a8bb-a7e0ad67af20}</UniqueIdentifier>
    </Filter>
    <Filter Include="Source Files\generators">
      <UniqueIdentifier>{6c3d2c03-ae72-42d4-81e6-c80fa16e6879}</UniqueIdentifier>
    </Filter>
    <Filter Include="Source Files\generators\simple">
      <UniqueIdentifier>{d6ce2f28-92ec-4db8-9061-d4ddb0e09c31}</UniqueIdentifier>
    </Filter>
    <Filter Include="Source Files\generators\noise">
      <UniqueIdentifier>{d4f7a766-41da-464f-81dd-502960846786}</UniqueIdentifier>
    </Filter>
  </ItemGroup>
  <ItemGroup>
    <ClCompile Include="..\..\source\Main.cpp">
      <Filter>Source Files</Filter>
    </ClCompile>
    <ClCompile Include="..\..\source\utility\ArgumentParser.cpp">
      <Filter>Source Files\utility</Filter>
    </ClCompile>
    <ClCompile Include="..\..\source\testing\Test.cpp">
      <Filter>Source Files\testing</Filter>
    </ClCompile>
    <ClCompile Include="..\..\source\testing\TestSuite.cpp">
      <Filter>Source Files\testing</Filter>
    </ClCompile>
    <ClCompile Include="..\..\source\testing\TestRunner.cpp">
      <Filter>Source Files\testing</Filter>
    </ClCompile>
    <ClCompile Include="..\..\source\utility\ArgumentParserTests.cpp">
      <Filter>Source Files\utility</Filter>
    </ClCompile>
    <ClCompile Include="..\..\source\RunTests.cpp">
      <Filter>Source Files</Filter>
    </ClCompile>
    <ClCompile Include="..\..\source\image\ChannelConversion.cpp">
      <Filter>Source Files\image</Filter>
    </ClCompile>
    <ClCompile Include="..\..\source\image\ChannelConversionTests.cpp">
      <Filter>Source Files\image</Filter>
    </ClCompile>
    <ClCompile Include="..\..\source\image\ImageData.cpp">
      <Filter>Source Files\image</Filter>
    </ClCompile>
    <ClCompile Include="..\..\source\image\ImageDataTests.cpp">
      <Filter>Source Files\image</Filter>
    </ClCompile>
    <ClCompile Include="..\..\source\format\TGAFileFormat.cpp">
      <Filter>Source Files\format</Filter>
    </ClCompile>
    <ClCompile Include="..\..\source\generators\simple\Checker.cpp">
      <Filter>Source Files\generators\simple</Filter>
    </ClCompile>
    <ClCompile Include="..\..\source\utility\Random.cpp">
      <Filter>Source Files\utility</Filter>
    </ClCompile>
    <ClCompile Include="..\..\source\generators\noise\WorleyNoise.cpp">
      <Filter>Source Files\generators\noise</Filter>
    </ClCompile>
    <ClCompile Include="..\..\source\generators\noise\WhiteNoise.cpp">
      <Filter>Source Files\generators\noise</Filter>
    </ClCompile>
    <ClCompile Include="..\..\source\generators\noise\WaveletNoise.cpp">
      <Filter>Source Files\generators\noise</Filter>
    </ClCompile>
    <ClCompile Include="..\..\source\generators\noise\ValueNoise.cpp">
      <Filter>Source Files\generators\noise</Filter>
    </ClCompile>
  </ItemGroup>
  <ItemGroup>
    <ClInclude Include="..\..\source\utility\ArgumentParser.hpp">
      <Filter>Source Files\utility</Filter>
    </ClInclude>
    <ClInclude Include="..\..\source\utility\Types.hpp">
      <Filter>Source Files\utility</Filter>
    </ClInclude>
    <ClInclude Include="..\..\source\testing\TestSuite.hpp">
      <Filter>Source Files\testing</Filter>
    </ClInclude>
    <ClInclude Include="..\..\source\testing\Test.hpp">
      <Filter>Source Files\testing</Filter>
    </ClInclude>
    <ClInclude Include="..\..\source\testing\TestingContext.hpp">
      <Filter>Source Files\testing</Filter>
    </ClInclude>
    <ClInclude Include="..\..\source\testing\TestRunner.hpp">
      <Filter>Source Files\testing</Filter>
    </ClInclude>
    <ClInclude Include="..\..\source\testing\TestFixture.hpp">
      <Filter>Source Files\testing</Filter>
    </ClInclude>
    <ClInclude Include="..\..\source\RunTests.hpp">
      <Filter>Source Files</Filter>
    </ClInclude>
    <ClInclude Include="..\..\source\image\ChannelConversion.hpp">
      <Filter>Source Files\image</Filter>
    </ClInclude>
    <ClInclude Include="..\..\source\image\ImageData.hpp">
      <Filter>Source Files\image</Filter>
    </ClInclude>
    <ClInclude Include="..\..\source\format\TGAFileFormat.hpp">
      <Filter>Source Files\format</Filter>
    </ClInclude>
    <ClInclude Include="..\..\source\generators\simple\Checker.hpp">
      <Filter>Source Files\generators\simple</Filter>
    </ClInclude>
    <ClInclude Include="..\..\source\utility\Random.hpp">
      <Filter>Source Files\utility</Filter>
    </ClInclude>
    <ClInclude Include="..\..\source\generators\TilingMode.hpp">
      <Filter>Source Files\generators</Filter>
    </ClInclude>
    <ClInclude Include="..\..\source\generators\noise\IndexProviders.hpp">
      <Filter>Source Files\generators\noise</Filter>
    </ClInclude>
    <ClInclude Include="..\..\source\generators\noise\WorleyNoise.hpp">
      <Filter>Source Files\generators\noise</Filter>
    </ClInclude>
    <ClInclude Include="..\..\source\generators\noise\WhiteNoise.hpp">
      <Filter>Source Files\generators\noise</Filter>
    </ClInclude>
    <ClInclude Include="..\..\source\generators\noise\WaveletNoise.hpp">
      <Filter>Source Files\generators\noise</Filter>
    </ClInclude>
    <ClInclude Include="..\..\source\generators\Interpolator.hpp">
      <Filter>Source Files\generators</Filter>
    </ClInclude>
    <ClInclude Include="..\..\source\generators\noise\ValueNoise.hpp">
      <Filter>Source Files\generators\noise</Filter>
    </ClInclude>
  </ItemGroup>
</Project>